
Microsoft Visual Studio Solution File, Format Version 12.00
# Visual Studio Version 16
VisualStudioVersion = 16.0.29728.190
MinimumVisualStudioVersion = 10.0.40219.1
Project("{9A19103F-16F7-4668-BE54-9A1E7A4F7556}") = "02SampleFactory", "02SampleFactory\02SampleFactory.csproj", "{F6C627E5-6318-44E3-B389-D4F19A973C12}"
EndProject
Project("{9A19103F-16F7-4668-BE54-9A1E7A4F7556}") = "01SingletonPattern", "01SingletonPattern\01SingletonPattern.csproj", "{1AF24849-B827-47F0-B211-DBA9D3AC6FC6}"
EndProject
Project("{9A19103F-16F7-4668-BE54-9A1E7A4F7556}") = "03FactoryMethod", "03FactoryPattern\03FactoryMethod.csproj", "{58AC2442-91DB-4C30-81E4-0B15F297AA3E}"
EndProject
Project("{9A19103F-16F7-4668-BE54-9A1E7A4F7556}") = "04AbstractFactory", "04AbstractFactory\04AbstractFactory.csproj", "{1EAE89AE-868A-4CB0-9AF0-D6148CB1D0D3}"
EndProject
Project("{9A19103F-16F7-4668-BE54-9A1E7A4F7556}") = "05BuilderPattern", "05BuilderPattern\05BuilderPattern.csproj", "{6B638C00-777C-4EDC-A8E0-10997057098C}"
EndProject
Project("{FAE04EC0-301F-11D3-BF4B-00C04F79EFBC}") = "06PrototypePattern", "06PrototypePattern\06PrototypePattern.csproj", "{F354D956-29DA-4F6E-8A0C-ED91810709A2}"
EndProject
Project("{FAE04EC0-301F-11D3-BF4B-00C04F79EFBC}") = "07AdapterPattern", "07AdapterPattern\07AdapterPattern.csproj", "{39A8A6F9-F314-4CFC-8FB4-BA8C94454345}"
EndProject
Project("{FAE04EC0-301F-11D3-BF4B-00C04F79EFBC}") = "08BridgePattern", "08BridgePattern\08BridgePattern.csproj", "{3548EFFE-621F-417C-9FE2-96E07B790A37}"
EndProject
Project("{FAE04EC0-301F-11D3-BF4B-00C04F79EFBC}") = "09DecoratorPattern", "09DecoratorPattern\09DecoratorPattern.csproj", "{95090C8F-BB25-4F84-893F-606D8F8DF51E}"
EndProject
Project("{FAE04EC0-301F-11D3-BF4B-00C04F79EFBC}") = "10CompositePattern", "10CompositePattern\10CompositePattern.csproj", "{359121B4-4DE6-4B50-89DE-D9D46104EC98}"
EndProject
Project("{FAE04EC0-301F-11D3-BF4B-00C04F79EFBC}") = "11FacadePattern", "11FacadePattern\11FacadePattern.csproj", "{8CF7D99D-63E5-4388-B392-1786308598DC}"
EndProject
Project("{FAE04EC0-301F-11D3-BF4B-00C04F79EFBC}") = "12FlyweightPattern", "12FlyweightPattern\12FlyweightPattern.csproj", "{AF30A071-9EF0-4661-930E-4723ED8F03A1}"
EndProject
Project("{FAE04EC0-301F-11D3-BF4B-00C04F79EFBC}") = "13ProxyPattern", "13ProxyPattern\13ProxyPattern.csproj", "{F31DF06A-2432-40FB-82CC-11FB69A250DB}"
EndProject
Project("{FAE04EC0-301F-11D3-BF4B-00C04F79EFBC}") = "14TemplateMethodPattern", "14TemplateMethodPattern\14TemplateMethodPattern.csproj", "{BBCC6EBF-ACC6-487A-86F6-5DCABAB68100}"
EndProject
Project("{FAE04EC0-301F-11D3-BF4B-00C04F79EFBC}") = "15CommandPattern", "15CommandPattern\15CommandPattern.csproj", "{B44AA3D2-04ED-401A-A5C1-9F08CC139F46}"
EndProject
Project("{FAE04EC0-301F-11D3-BF4B-00C04F79EFBC}") = "16IteratorPattern", "16IteratorPattern\16IteratorPattern.csproj", "{D6F90F8A-D04B-4E50-B1A9-0DEC5E5E53A9}"
EndProject
Project("{FAE04EC0-301F-11D3-BF4B-00C04F79EFBC}") = "17ObserverPattern", "17ObserverPattern\17ObserverPattern.csproj", "{D97FDC9B-4D93-4383-A8B0-0D385E4800D3}"
EndProject
Project("{FAE04EC0-301F-11D3-BF4B-00C04F79EFBC}") = "18MediatorPattern", "18MediatorPattern\18MediatorPattern.csproj", "{B23BA547-A0F3-408B-A21B-EE52204623F1}"
EndProject
Project("{FAE04EC0-301F-11D3-BF4B-00C04F79EFBC}") = "19StatePattern", "19StatePattern\19StatePattern.csproj", "{88C52DBB-1C3B-4A37-AB24-285A4B930B49}"
EndProject
Project("{FAE04EC0-301F-11D3-BF4B-00C04F79EFBC}") = "20StragetyPattern", "20StragetyPattern\20StragetyPattern.csproj", "{7FA4A6B1-C6C0-4B91-8A8C-6A0AC9E94047}"
EndProject
Project("{FAE04EC0-301F-11D3-BF4B-00C04F79EFBC}") = "21ChainOfResponsibity", "21ChainOfResponsibity\21ChainOfResponsibity.csproj", "{10DCA961-E77E-432E-8B4C-50C5BBD0E546}"
EndProject
Project("{FAE04EC0-301F-11D3-BF4B-00C04F79EFBC}") = "22VistorPattern", "22VistorPattern\22VistorPattern.csproj", "{1482B406-88AC-443C-9A53-D836586298A6}"
EndProject
Project("{FAE04EC0-301F-11D3-BF4B-00C04F79EFBC}") = "23MementoPattern", "23MementoPattern\23MementoPattern.csproj", "{C5C07323-D0A1-4AB1-AC08-9F4D8EB0507E}"
EndProject
Project("{FAE04EC0-301F-11D3-BF4B-00C04F79EFBC}") = "24InterpreterPattern", "24InterpreterPattern\24InterpreterPattern.csproj", "{0E63869E-A55F-49C5-A1AA-E2635CAC9FF1}"
EndProject
Global
	GlobalSection(SolutionConfigurationPlatforms) = preSolution
		Debug|Any CPU = Debug|Any CPU
		Release|Any CPU = Release|Any CPU
	EndGlobalSection
	GlobalSection(ProjectConfigurationPlatforms) = postSolution
		{F6C627E5-6318-44E3-B389-D4F19A973C12}.Debug|Any CPU.ActiveCfg = Debug|Any CPU
		{F6C627E5-6318-44E3-B389-D4F19A973C12}.Debug|Any CPU.Build.0 = Debug|Any CPU
		{F6C627E5-6318-44E3-B389-D4F19A973C12}.Release|Any CPU.ActiveCfg = Release|Any CPU
		{F6C627E5-6318-44E3-B389-D4F19A973C12}.Release|Any CPU.Build.0 = Release|Any CPU
		{1AF24849-B827-47F0-B211-DBA9D3AC6FC6}.Debug|Any CPU.ActiveCfg = Debug|Any CPU
		{1AF24849-B827-47F0-B211-DBA9D3AC6FC6}.Debug|Any CPU.Build.0 = Debug|Any CPU
		{1AF24849-B827-47F0-B211-DBA9D3AC6FC6}.Release|Any CPU.ActiveCfg = Release|Any CPU
		{1AF24849-B827-47F0-B211-DBA9D3AC6FC6}.Release|Any CPU.Build.0 = Release|Any CPU
		{58AC2442-91DB-4C30-81E4-0B15F297AA3E}.Debug|Any CPU.ActiveCfg = Debug|Any CPU
		{58AC2442-91DB-4C30-81E4-0B15F297AA3E}.Debug|Any CPU.Build.0 = Debug|Any CPU
		{58AC2442-91DB-4C30-81E4-0B15F297AA3E}.Release|Any CPU.ActiveCfg = Release|Any CPU
		{58AC2442-91DB-4C30-81E4-0B15F297AA3E}.Release|Any CPU.Build.0 = Release|Any CPU
		{1EAE89AE-868A-4CB0-9AF0-D6148CB1D0D3}.Debug|Any CPU.ActiveCfg = Debug|Any CPU
		{1EAE89AE-868A-4CB0-9AF0-D6148CB1D0D3}.Debug|Any CPU.Build.0 = Debug|Any CPU
		{1EAE89AE-868A-4CB0-9AF0-D6148CB1D0D3}.Release|Any CPU.ActiveCfg = Release|Any CPU
		{1EAE89AE-868A-4CB0-9AF0-D6148CB1D0D3}.Release|Any CPU.Build.0 = Release|Any CPU
		{6B638C00-777C-4EDC-A8E0-10997057098C}.Debug|Any CPU.ActiveCfg = Debug|Any CPU
		{6B638C00-777C-4EDC-A8E0-10997057098C}.Debug|Any CPU.Build.0 = Debug|Any CPU
		{6B638C00-777C-4EDC-A8E0-10997057098C}.Release|Any CPU.ActiveCfg = Release|Any CPU
		{6B638C00-777C-4EDC-A8E0-10997057098C}.Release|Any CPU.Build.0 = Release|Any CPU
		{F354D956-29DA-4F6E-8A0C-ED91810709A2}.Debug|Any CPU.ActiveCfg = Debug|Any CPU
		{F354D956-29DA-4F6E-8A0C-ED91810709A2}.Debug|Any CPU.Build.0 = Debug|Any CPU
		{F354D956-29DA-4F6E-8A0C-ED91810709A2}.Release|Any CPU.ActiveCfg = Release|Any CPU
		{F354D956-29DA-4F6E-8A0C-ED91810709A2}.Release|Any CPU.Build.0 = Release|Any CPU
		{39A8A6F9-F314-4CFC-8FB4-BA8C94454345}.Debug|Any CPU.ActiveCfg = Debug|Any CPU
		{39A8A6F9-F314-4CFC-8FB4-BA8C94454345}.Debug|Any CPU.Build.0 = Debug|Any CPU
		{39A8A6F9-F314-4CFC-8FB4-BA8C94454345}.Release|Any CPU.ActiveCfg = Release|Any CPU
		{39A8A6F9-F314-4CFC-8FB4-BA8C94454345}.Release|Any CPU.Build.0 = Release|Any CPU
		{3548EFFE-621F-417C-9FE2-96E07B790A37}.Debug|Any CPU.ActiveCfg = Debug|Any CPU
		{3548EFFE-621F-417C-9FE2-96E07B790A37}.Debug|Any CPU.Build.0 = Debug|Any CPU
		{3548EFFE-621F-417C-9FE2-96E07B790A37}.Release|Any CPU.ActiveCfg = Release|Any CPU
		{3548EFFE-621F-417C-9FE2-96E07B790A37}.Release|Any CPU.Build.0 = Release|Any CPU
		{95090C8F-BB25-4F84-893F-606D8F8DF51E}.Debug|Any CPU.ActiveCfg = Debug|Any CPU
		{95090C8F-BB25-4F84-893F-606D8F8DF51E}.Debug|Any CPU.Build.0 = Debug|Any CPU
		{95090C8F-BB25-4F84-893F-606D8F8DF51E}.Release|Any CPU.ActiveCfg = Release|Any CPU
		{95090C8F-BB25-4F84-893F-606D8F8DF51E}.Release|Any CPU.Build.0 = Release|Any CPU
		{359121B4-4DE6-4B50-89DE-D9D46104EC98}.Debug|Any CPU.ActiveCfg = Debug|Any CPU
		{359121B4-4DE6-4B50-89DE-D9D46104EC98}.Debug|Any CPU.Build.0 = Debug|Any CPU
		{359121B4-4DE6-4B50-89DE-D9D46104EC98}.Release|Any CPU.ActiveCfg = Release|Any CPU
		{359121B4-4DE6-4B50-89DE-D9D46104EC98}.Release|Any CPU.Build.0 = Release|Any CPU
		{8CF7D99D-63E5-4388-B392-1786308598DC}.Debug|Any CPU.ActiveCfg = Debug|Any CPU
		{8CF7D99D-63E5-4388-B392-1786308598DC}.Debug|Any CPU.Build.0 = Debug|Any CPU
		{8CF7D99D-63E5-4388-B392-1786308598DC}.Release|Any CPU.ActiveCfg = Release|Any CPU
		{8CF7D99D-63E5-4388-B392-1786308598DC}.Release|Any CPU.Build.0 = Release|Any CPU
		{AF30A071-9EF0-4661-930E-4723ED8F03A1}.Debug|Any CPU.ActiveCfg = Debug|Any CPU
		{AF30A071-9EF0-4661-930E-4723ED8F03A1}.Debug|Any CPU.Build.0 = Debug|Any CPU
		{AF30A071-9EF0-4661-930E-4723ED8F03A1}.Release|Any CPU.ActiveCfg = Release|Any CPU
		{AF30A071-9EF0-4661-930E-4723ED8F03A1}.Release|Any CPU.Build.0 = Release|Any CPU
		{F31DF06A-2432-40FB-82CC-11FB69A250DB}.Debug|Any CPU.ActiveCfg = Debug|Any CPU
		{F31DF06A-2432-40FB-82CC-11FB69A250DB}.Debug|Any CPU.Build.0 = Debug|Any CPU
		{F31DF06A-2432-40FB-82CC-11FB69A250DB}.Release|Any CPU.ActiveCfg = Release|Any CPU
		{F31DF06A-2432-40FB-82CC-11FB69A250DB}.Release|Any CPU.Build.0 = Release|Any CPU
		{BBCC6EBF-ACC6-487A-86F6-5DCABAB68100}.Debug|Any CPU.ActiveCfg = Debug|Any CPU
		{BBCC6EBF-ACC6-487A-86F6-5DCABAB68100}.Debug|Any CPU.Build.0 = Debug|Any CPU
		{BBCC6EBF-ACC6-487A-86F6-5DCABAB68100}.Release|Any CPU.ActiveCfg = Release|Any CPU
		{BBCC6EBF-ACC6-487A-86F6-5DCABAB68100}.Release|Any CPU.Build.0 = Release|Any CPU
		{B44AA3D2-04ED-401A-A5C1-9F08CC139F46}.Debug|Any CPU.ActiveCfg = Debug|Any CPU
		{B44AA3D2-04ED-401A-A5C1-9F08CC139F46}.Debug|Any CPU.Build.0 = Debug|Any CPU
		{B44AA3D2-04ED-401A-A5C1-9F08CC139F46}.Release|Any CPU.ActiveCfg = Release|Any CPU
		{B44AA3D2-04ED-401A-A5C1-9F08CC139F46}.Release|Any CPU.Build.0 = Release|Any CPU
		{D6F90F8A-D04B-4E50-B1A9-0DEC5E5E53A9}.Debug|Any CPU.ActiveCfg = Debug|Any CPU
		{D6F90F8A-D04B-4E50-B1A9-0DEC5E5E53A9}.Debug|Any CPU.Build.0 = Debug|Any CPU
		{D6F90F8A-D04B-4E50-B1A9-0DEC5E5E53A9}.Release|Any CPU.ActiveCfg = Release|Any CPU
		{D6F90F8A-D04B-4E50-B1A9-0DEC5E5E53A9}.Release|Any CPU.Build.0 = Release|Any CPU
		{D97FDC9B-4D93-4383-A8B0-0D385E4800D3}.Debug|Any CPU.ActiveCfg = Debug|Any CPU
		{D97FDC9B-4D93-4383-A8B0-0D385E4800D3}.Debug|Any CPU.Build.0 = Debug|Any CPU
		{D97FDC9B-4D93-4383-A8B0-0D385E4800D3}.Release|Any CPU.ActiveCfg = Release|Any CPU
		{D97FDC9B-4D93-4383-A8B0-0D385E4800D3}.Release|Any CPU.Build.0 = Release|Any CPU
		{B23BA547-A0F3-408B-A21B-EE52204623F1}.Debug|Any CPU.ActiveCfg = Debug|Any CPU
		{B23BA547-A0F3-408B-A21B-EE52204623F1}.Debug|Any CPU.Build.0 = Debug|Any CPU
		{B23BA547-A0F3-408B-A21B-EE52204623F1}.Release|Any CPU.ActiveCfg = Release|Any CPU
		{B23BA547-A0F3-408B-A21B-EE52204623F1}.Release|Any CPU.Build.0 = Release|Any CPU
		{88C52DBB-1C3B-4A37-AB24-285A4B930B49}.Debug|Any CPU.ActiveCfg = Debug|Any CPU
		{88C52DBB-1C3B-4A37-AB24-285A4B930B49}.Debug|Any CPU.Build.0 = Debug|Any CPU
		{88C52DBB-1C3B-4A37-AB24-285A4B930B49}.Release|Any CPU.ActiveCfg = Release|Any CPU
		{88C52DBB-1C3B-4A37-AB24-285A4B930B49}.Release|Any CPU.Build.0 = Release|Any CPU
		{7FA4A6B1-C6C0-4B91-8A8C-6A0AC9E94047}.Debug|Any CPU.ActiveCfg = Debug|Any CPU
		{7FA4A6B1-C6C0-4B91-8A8C-6A0AC9E94047}.Debug|Any CPU.Build.0 = Debug|Any CPU
		{7FA4A6B1-C6C0-4B91-8A8C-6A0AC9E94047}.Release|Any CPU.ActiveCfg = Release|Any CPU
		{7FA4A6B1-C6C0-4B91-8A8C-6A0AC9E94047}.Release|Any CPU.Build.0 = Release|Any CPU
		{10DCA961-E77E-432E-8B4C-50C5BBD0E546}.Debug|Any CPU.ActiveCfg = Debug|Any CPU
		{10DCA961-E77E-432E-8B4C-50C5BBD0E546}.Debug|Any CPU.Build.0 = Debug|Any CPU
		{10DCA961-E77E-432E-8B4C-50C5BBD0E546}.Release|Any CPU.ActiveCfg = Release|Any CPU
		{10DCA961-E77E-432E-8B4C-50C5BBD0E546}.Release|Any CPU.Build.0 = Release|Any CPU
		{1482B406-88AC-443C-9A53-D836586298A6}.Debug|Any CPU.ActiveCfg = Debug|Any CPU
		{1482B406-88AC-443C-9A53-D836586298A6}.Debug|Any CPU.Build.0 = Debug|Any CPU
		{1482B406-88AC-443C-9A53-D836586298A6}.Release|Any CPU.ActiveCfg = Release|Any CPU
		{1482B406-88AC-443C-9A53-D836586298A6}.Release|Any CPU.Build.0 = Release|Any CPU
		{C5C07323-D0A1-4AB1-AC08-9F4D8EB0507E}.Debug|Any CPU.ActiveCfg = Debug|Any CPU
		{C5C07323-D0A1-4AB1-AC08-9F4D8EB0507E}.Debug|Any CPU.Build.0 = Debug|Any CPU
		{C5C07323-D0A1-4AB1-AC08-9F4D8EB0507E}.Release|Any CPU.ActiveCfg = Release|Any CPU
		{C5C07323-D0A1-4AB1-AC08-9F4D8EB0507E}.Release|Any CPU.Build.0 = Release|Any CPU
		{0E63869E-A55F-49C5-A1AA-E2635CAC9FF1}.Debug|Any CPU.ActiveCfg = Debug|Any CPU
		{0E63869E-A55F-49C5-A1AA-E2635CAC9FF1}.Debug|Any CPU.Build.0 = Debug|Any CPU
		{0E63869E-A55F-49C5-A1AA-E2635CAC9FF1}.Release|Any CPU.ActiveCfg = Release|Any CPU
		{0E63869E-A55F-49C5-A1AA-E2635CAC9FF1}.Release|Any CPU.Build.0 = Release|Any CPU
	EndGlobalSection
	GlobalSection(SolutionProperties) = preSolution
		HideSolutionNode = FALSE
	EndGlobalSection
	GlobalSection(ExtensibilityGlobals) = postSolution
		SolutionGuid = {D4418B9D-4641-4097-9C67-9B2A2556D754}
	EndGlobalSection
EndGlobal
